Microsoft Visual Studio Solution File, Format Version 12.00
# Visual Studio 2012
Project("{FAE04EC0-301F-11D3-BF4B-00C04F79EFBC}") = "Echoes of the Steppe", "Echoes of the Steppe.csproj", "{20265358-4227-4385-888D-5B8F6843B05C}"
EndProject
Global
	GlobalSection(SolutionConfigurationPlatforms) = preSolution
	Debug|Any CPU = Debug|Any CPU
	ExportDebug|Any CPU = ExportDebug|Any CPU
	ExportRelease|Any CPU = ExportRelease|Any CPU
	EndGlobalSection
	GlobalSection(ProjectConfigurationPlatforms) = postSolution
		{20265358-4227-4385-888D-5B8F6843B05C}.Debug|Any CPU.ActiveCfg = Debug|Any CPU
		{20265358-4227-4385-888D-5B8F6843B05C}.Debug|Any CPU.Build.0 = Debug|Any CPU
		{20265358-4227-4385-888D-5B8F6843B05C}.ExportDebug|Any CPU.ActiveCfg = ExportDebug|Any CPU
		{20265358-4227-4385-888D-5B8F6843B05C}.ExportDebug|Any CPU.Build.0 = ExportDebug|Any CPU
		{20265358-4227-4385-888D-5B8F6843B05C}.ExportRelease|Any CPU.ActiveCfg = ExportRelease|Any CPU
		{20265358-4227-4385-888D-5B8F6843B05C}.ExportRelease|Any CPU.Build.0 = ExportRelease|Any CPU
	EndGlobalSection
EndGlobal
